PODS:
  - Alamofire (5.4.1)
  - lottie-ios (3.2.1)
  - RxCocoa (6.1.0):
    - RxRelay (= 6.1.0)
    - RxSwift (= 6.1.0)
  - RxRelay (6.1.0):
    - RxSwift (= 6.1.0)
  - RxSwift (6.1.0)
  - SkeletonView (1.13.0)

DEPENDENCIES:
  - Alamofire
  - lottie-ios
  - RxCocoa
  - RxSwift
  - SkeletonView

SPEC REPOS:
  trunk:
    - Alamofire
    - lottie-ios
    - RxCocoa
    - RxRelay
    - RxSwift
    - SkeletonView

SPEC CHECKSUMS:
  Alamofire: 2291f7d21ca607c491dd17642e5d40fdcda0e65c
  lottie-ios: 106e92eaf11fbed0a76590b4cdb9b5ec26123ff7
  RxCocoa: 5c51f02d562cbd94629f6c26cf0c80fe4ab8d343
  RxRelay: 483e1a19fad961b41f0b0c0bee506f46c1ae14fe
  RxSwift: a834e5c538e89eca0cae86f403f4fbf0336786ce
  SkeletonView: 2b14cb767a7da384d17d5d7e1db0d55a6cf9566a

PODFILE CHECKSUM: 4a4ebbccbc12cc9374447ededb741446cc080c04

COCOAPODS: 1.10.1
